
Microsoft Visual Studio Solution File, Format Version 12.00
# Visual Studio 15
VisualStudioVersion = 15.0.26430.12
MinimumVisualStudioVersion = 10.0.40219.1
Project("{FAE04EC0-301F-11D3-BF4B-00C04F79EFBC}") = "FloorDesigner.WebAPI", "FloorDesigner.WebAPI\FloorDesigner.WebAPI.csproj", "{95631031-510D-4B38-B95D-FC3A3321C68D}"
EndProject
Global
	GlobalSection(SolutionConfigurationPlatforms) = preSolution
		Debug|Any CPU = Debug|Any CPU
		Release|Any CPU = Release|Any CPU
	EndGlobalSection
	GlobalSection(ProjectConfigurationPlatforms) = postSolution
		{95631031-510D-4B38-B95D-FC3A3321C68D}.Debug|Any CPU.ActiveCfg = Debug|Any CPU
		{95631031-510D-4B38-B95D-FC3A3321C68D}.Debug|Any CPU.Build.0 = Debug|Any CPU
		{95631031-510D-4B38-B95D-FC3A3321C68D}.Release|Any CPU.ActiveCfg = Release|Any CPU
		{95631031-510D-4B38-B95D-FC3A3321C68D}.Release|Any CPU.Build.0 = Release|Any CPU
	EndGlobalSection
	GlobalSection(SolutionProperties) = preSolution
		HideSolutionNode = FALSE
	EndGlobalSection
EndGlobal
